// !$*UTF8*$!
{
	archiveVersion = 1;
	classes = {
	};
	objectVersion = 50;
	objects = {

/* Begin PBXBuildFile section */
		18628FE323FA4E6A001F1DB3 /* AppDelegate.swift in Sources */ = {isa = PBXBuildFile; fileRef = 18628FE223FA4E6A001F1DB3 /* AppDelegate.swift */; };
		18628FE523FA4E6A001F1DB3 /* SceneDelegate.swift in Sources */ = {isa = PBXBuildFile; fileRef = 18628FE423FA4E6A001F1DB3 /* SceneDelegate.swift */; };
		18628FE723FA4E6A001F1DB3 /* ViewController.swift in Sources */ = {isa = PBXBuildFile; fileRef = 18628FE623FA4E6A001F1DB3 /* ViewController.swift */; };
		18628FEA23FA4E6A001F1DB3 /* Main.storyboard in Resources */ = {isa = PBXBuildFile; fileRef = 18628FE823FA4E6A001F1DB3 /* Main.storyboard */; };
		18628FEC23FA4E6E001F1DB3 /* Assets.xcassets in Resources */ = {isa = PBXBuildFile; fileRef = 18628FEB23FA4E6E001F1DB3 /* Assets.xcassets */; };
		18628FEF23FA4E6E001F1DB3 /* LaunchScreen.storyboard in Resources */ = {isa = PBXBuildFile; fileRef = 18628FED23FA4E6E001F1DB3 /* LaunchScreen.storyboard */; };
		18628FFA23FA4E6E001F1DB3 /* finalViewTests.swift in Sources */ = {isa = PBXBuildFile; fileRef = 18628FF923FA4E6E001F1DB3 /* finalViewTests.swift */; };
		1862900523FA4E6E001F1DB3 /* finalViewUITests.swift in Sources */ = {isa = PBXBuildFile; fileRef = 1862900423FA4E6E001F1DB3 /* finalViewUITests.swift */; };
		1862901323FA5051001F1DB3 /* TableViewCell.swift in Sources */ = {isa = PBXBuildFile; fileRef = 1862901223FA5051001F1DB3 /* TableViewCell.swift */; };
/* End PBXBuildFile section */

/* Begin PBXContainerItemProxy section */
		18628FF623FA4E6E001F1DB3 /* PBXContainerItemProxy */ = {
			isa = PBXContainerItemProxy;
			containerPortal = 18628FD723FA4E6A001F1DB3 /* Project object */;
			proxyType = 1;
			remoteGlobalIDString = 18628FDE23FA4E6A001F1DB3;
			remoteInfo = finalView;
		};
		1862900123FA4E6E001F1DB3 /* PBXContainerItemProxy */ = {
			isa = PBXContainerItemProxy;
			containerPortal = 18628FD723FA4E6A001F1DB3 /* Project object */;
			proxyType = 1;
			remoteGlobalIDString = 18628FDE23FA4E6A001F1DB3;
			remoteInfo = finalView;
		};
/* End PBXContainerItemProxy section */

/* Begin PBXFileReference section */
		18628FDF23FA4E6A001F1DB3 /* finalView.app */ = {isa = PBXFileReference; explicitFileType = wrapper.application; includeInIndex = 0; path = finalView.app; sourceTree = BUILT_PRODUCTS_DIR; };
		18628FE223FA4E6A001F1DB3 /* AppDelegate.swift */ = {isa = PBXFileReference; lastKnownFileType = sourcecode.swift; path = AppDelegate.swift; sourceTree = "<group>"; };
		18628FE423FA4E6A001F1DB3 /* SceneDelegate.swift */ = {isa = PBXFileReference; lastKnownFileType = sourcecode.swift; path = SceneDelegate.swift; sourceTree = "<group>"; };
		18628FE623FA4E6A001F1DB3 /* ViewController.swift */ = {isa = PBXFileReference; lastKnownFileType = sourcecode.swift; path = ViewController.swift; sourceTree = "<group>"; };
		18628FE923FA4E6A001F1DB3 /* Base */ = {isa = PBXFileReference; lastKnownFileType = file.storyboard; name = Base; path = Base.lproj/Main.storyboard; sourceTree = "<group>"; };
		18628FEB23FA4E6E001F1DB3 /* Assets.xcassets */ = {isa = PBXFileReference; lastKnownFileType = folder.assetcatalog; path = Assets.xcassets; sourceTree = "<group>"; };
		18628FEE23FA4E6E001F1DB3 /* Base */ = {isa = PBXFileReference; lastKnownFileType = file.storyboard; name = Base; path = Base.lproj/LaunchScreen.storyboard; sourceTree = "<group>"; };
		18628FF023FA4E6E001F1DB3 /* Info.plist */ = {isa = PBXFileReference; lastKnownFileType = text.plist.xml; path = Info.plist; sourceTree = "<group>"; };
		18628FF523FA4E6E001F1DB3 /* finalViewTests.xctest */ = {isa = PBXFileReference; explicitFileType = wrapper.cfbundle; includeInIndex = 0; path = finalViewTests.xctest; sourceTree = BUILT_PRODUCTS_DIR; };
		18628FF923FA4E6E001F1DB3 /* finalViewTests.swift */ = {isa = PBXFileReference; lastKnownFileType = sourcecode.swift; path = finalViewTests.swift; sourceTree = "<group>"; };
		18628FFB23FA4E6E001F1DB3 /* Info.plist */ = {isa = PBXFileReference; lastKnownFileType = text.plist.xml; path = Info.plist; sourceTree = "<group>"; };
		1862900023FA4E6E001F1DB3 /* finalViewUITests.xctest */ = {isa = PBXFileReference; explicitFileType = wrapper.cfbundle; includeInIndex = 0; path = finalViewUITests.xctest; sourceTree = BUILT_PRODUCTS_DIR; };
		1862900423FA4E6E001F1DB3 /* finalViewUITests.swift */ = {isa = PBXFileReference; lastKnownFileType = sourcecode.swift; path = finalViewUITests.swift; sourceTree = "<group>"; };
		1862900623FA4E6E001F1DB3 /* Info.plist */ = {isa = PBXFileReference; lastKnownFileType = text.plist.xml; path = Info.plist; sourceTree = "<group>"; };
		1862901223FA5051001F1DB3 /* TableViewCell.swift */ = {isa = PBXFileReference; lastKnownFileType = sourcecode.swift; path = TableViewCell.swift; sourceTree = "<group>"; };
/* End PBXFileReference section */

/* Begin PBXFrameworksBuildPhase section */
		18628FDC23FA4E6A001F1DB3 /* Frameworks */ = {
			isa = PBXFrameworksBuildPhase;
			buildActionMask = 2147483647;
			files = (
			);
			runOnlyForDeploymentPostprocessing = 0;
		};
		18628FF223FA4E6E001F1DB3 /* Frameworks */ = {
			isa = PBXFrameworksBuildPhase;
			buildActionMask = 2147483647;
			files = (
			);
			runOnlyForDeploymentPostprocessing = 0;
		};
		18628FFD23FA4E6E001F1DB3 /* Frameworks */ = {
			isa = PBXFrameworksBuildPhase;
			buildActionMask = 2147483647;
			files = (
			);
			runOnlyForDeploymentPostprocessing = 0;
		};
/* End PBXFrameworksBuildPhase section */

/* Begin PBXGroup section */
		18628FD623FA4E6A001F1DB3 = {
			isa = PBXGroup;
			children = (
				18628FE123FA4E6A001F1DB3 /* finalView */,
				18628FF823FA4E6E001F1DB3 /* finalViewTests */,
				1862900323FA4E6E001F1DB3 /* finalViewUITests */,
				18628FE023FA4E6A001F1DB3 /* Products */,
			);
			sourceTree = "<group>";
		};
		18628FE023FA4E6A001F1DB3 /* Products */ = {
			isa = PBXGroup;
			children = (
				18628FDF23FA4E6A001F1DB3 /* finalView.app */,
				18628FF523FA4E6E001F1DB3 /* finalViewTests.xctest */,
				1862900023FA4E6E001F1DB3 /* finalViewUITests.xctest */,
			);
			name = Products;
			sourceTree = "<group>";
		};
		18628FE123FA4E6A001F1DB3 /* finalView */ = {
			isa = PBXGroup;
			children = (
				18628FE223FA4E6A001F1DB3 /* AppDelegate.swift */,
				18628FE423FA4E6A001F1DB3 /* SceneDelegate.swift */,
				18628FE623FA4E6A001F1DB3 /* ViewController.swift */,
				18628FE823FA4E6A001F1DB3 /* Main.storyboard */,
				1862901223FA5051001F1DB3 /* TableViewCell.swift */,
				18628FEB23FA4E6E001F1DB3 /* Assets.xcassets */,
				18628FED23FA4E6E001F1DB3 /* LaunchScreen.storyboard */,
				18628FF023FA4E6E001F1DB3 /* Info.plist */,
			);
			path = finalView;
			sourceTree = "<group>";
		};
		18628FF823FA4E6E001F1DB3 /* finalViewTests */ = {
			isa = PBXGroup;
			children = (
				18628FF923FA4E6E001F1DB3 /* finalViewTests.swift */,
				18628FFB23FA4E6E001F1DB3 /* Info.plist */,
			);
			path = finalViewTests;
			sourceTree = "<group>";
		};
		1862900323FA4E6E001F1DB3 /* finalViewUITests */ = {
			isa = PBXGroup;
			children = (
				1862900423FA4E6E001F1DB3 /* finalViewUITests.swift */,
				1862900623FA4E6E001F1DB3 /* Info.plist */,
			);
			path = finalViewUITests;
			sourceTree = "<group>";
		};
/* End PBXGroup section */

/* Begin PBXNativeTarget section */
		18628FDE23FA4E6A001F1DB3 /* finalView */ = {
			isa = PBXNativeTarget;
			buildConfigurationList = 1862900923FA4E6E001F1DB3 /* Build configuration list for PBXNativeTarget "finalView" */;
			buildPhases = (
				18628FDB23FA4E6A001F1DB3 /* Sources */,
				18628FDC23FA4E6A001F1DB3 /* Frameworks */,
				18628FDD23FA4E6A001F1DB3 /* Resources */,
			);
			buildRules = (
			);
			dependencies = (
			);
			name = finalView;
			productName = finalView;
			productReference = 18628FDF23FA4E6A001F1DB3 /* finalView.app */;
			productType = "com.apple.product-type.application";
		};
		18628FF423FA4E6E001F1DB3 /* finalViewTests */ = {
			isa = PBXNativeTarget;
			buildConfigurationList = 1862900C23FA4E6E001F1DB3 /* Build configuration list for PBXNativeTarget "finalViewTests" */;
			buildPhases = (
				18628FF123FA4E6E001F1DB3 /* Sources */,
				18628FF223FA4E6E001F1DB3 /* Frameworks */,
				18628FF323FA4E6E001F1DB3 /* Resources */,
			);
			buildRules = (
			);
			dependencies = (
				18628FF723FA4E6E001F1DB3 /* PBXTargetDependency */,
			);
			name = finalViewTests;
			productName = finalViewTests;
			productReference = 18628FF523FA4E6E001F1DB3 /* finalViewTests.xctest */;
			productType = "com.apple.product-type.bundle.unit-test";
		};
		18628FFF23FA4E6E001F1DB3 /* finalViewUITests */ = {
			isa = PBXNativeTarget;
			buildConfigurationList = 1862900F23FA4E6E001F1DB3 /* Build configuration list for PBXNativeTarget "finalViewUITests" */;
			buildPhases = (
				18628FFC23FA4E6E001F1DB3 /* Sources */,
				18628FFD23FA4E6E001F1DB3 /* Frameworks */,
				18628FFE23FA4E6E001F1DB3 /* Resources */,
			);
			buildRules = (
			);
			dependencies = (
				1862900223FA4E6E001F1DB3 /* PBXTargetDependency */,
			);
			name = finalViewUITests;
			productName = finalViewUITests;
			productReference = 1862900023FA4E6E001F1DB3 /* finalViewUITests.xctest */;
			productType = "com.apple.product-type.bundle.ui-testing";
		};
/* End PBXNativeTarget section */

/* Begin PBXProject section */
		18628FD723FA4E6A001F1DB3 /* Project object */ = {
			isa = PBXProject;
			attributes = {
				LastSwiftUpdateCheck = 1130;
				LastUpgradeCheck = 1130;
				ORGANIZATIONNAME = "Apple MacBook Pro";
				TargetAttributes = {
					18628FDE23FA4E6A001F1DB3 = {
						CreatedOnToolsVersion = 11.3.1;
					};
					18628FF423FA4E6E001F1DB3 = {
						CreatedOnToolsVersion = 11.3.1;
						TestTargetID = 18628FDE23FA4E6A001F1DB3;
					};
					18628FFF23FA4E6E001F1DB3 = {
						CreatedOnToolsVersion = 11.3.1;
						TestTargetID = 18628FDE23FA4E6A001F1DB3;
					};
				};
			};
			buildConfigurationList = 18628FDA23FA4E6A001F1DB3 /* Build configuration list for PBXProject "finalView" */;
			compatibilityVersion = "Xcode 9.3";
			developmentRegion = en;
			hasScannedForEncodings = 0;
			knownRegions = (
				en,
				Base,
			);
			mainGroup = 18628FD623FA4E6A001F1DB3;
			productRefGroup = 18628FE023FA4E6A001F1DB3 /* Products */;
			projectDirPath = "";
			projectRoot = "";
			targets = (
				18628FDE23FA4E6A001F1DB3 /* finalView */,
				18628FF423FA4E6E001F1DB3 /* finalViewTests */,
				18628FFF23FA4E6E001F1DB3 /* finalViewUITests */,
			);
		};
/* End PBXProject section */

/* Begin PBXResourcesBuildPhase section */
		18628FDD23FA4E6A001F1DB3 /* Resources */ = {
			isa = PBXResourcesBuildPhase;
			buildActionMask = 2147483647;
			files = (
				18628FEF23FA4E6E001F1DB3 /* LaunchScreen.storyboard in Resources */,
				18628FEC23FA4E6E001F1DB3 /* Assets.xcassets in Resources */,
				18628FEA23FA4E6A001F1DB3 /* Main.storyboard in Resources */,
			);
			runOnlyForDeploymentPostprocessing = 0;
		};
		18628FF323FA4E6E001F1DB3 /* Resources */ = {
			isa = PBXResourcesBuildPhase;
			buildActionMask = 2147483647;
			files = (
			);
			runOnlyForDeploymentPostprocessing = 0;
		};
		18628FFE23FA4E6E001F1DB3 /* Resources */ = {
			isa = PBXResourcesBuildPhase;
			buildActionMask = 2147483647;
			files = (
			);
			runOnlyForDeploymentPostprocessing = 0;
		};
/* End PBXResourcesBuildPhase section */

/* Begin PBXSourcesBuildPhase section */
		18628FDB23FA4E6A001F1DB3 /* Sources */ = {
			isa = PBXSourcesBuildPhase;
			buildActionMask = 2147483647;
			files = (
				18628FE723FA4E6A001F1DB3 /* ViewController.swift in Sources */,
				1862901323FA5051001F1DB3 /* TableViewCell.swift in Sources */,
				18628FE323FA4E6A001F1DB3 /* AppDelegate.swift in Sources */,
				18628FE523FA4E6A001F1DB3 /* SceneDelegate.swift in Sources */,
			);
			runOnlyForDeploymentPostprocessing = 0;
		};
		18628FF123FA4E6E001F1DB3 /* Sources */ = {
			isa = PBXSourcesBuildPhase;
			buildActionMask = 2147483647;
			files = (
				18628FFA23FA4E6E001F1DB3 /* finalViewTests.swift in Sources */,
			);
			runOnlyForDeploymentPostprocessing = 0;
		};
		18628FFC23FA4E6E001F1DB3 /* Sources */ = {
			isa = PBXSourcesBuildPhase;
			buildActionMask = 2147483647;
			files = (
				1862900523FA4E6E001F1DB3 /* finalViewUITests.swift in Sources */,
			);
			runOnlyForDeploymentPostprocessing = 0;
		};
/* End PBXSourcesBuildPhase section */

/* Begin PBXTargetDependency section */
		18628FF723FA4E6E001F1DB3 /* PBXTargetDependency */ = {
			isa = PBXTargetDependency;
			target = 18628FDE23FA4E6A001F1DB3 /* finalView */;
			targetProxy = 18628FF623FA4E6E001F1DB3 /* PBXContainerItemProxy */;
		};
		1862900223FA4E6E001F1DB3 /* PBXTargetDependency */ = {
			isa = PBXTargetDependency;
			target = 18628FDE23FA4E6A001F1DB3 /* finalView */;
			targetProxy = 1862900123FA4E6E001F1DB3 /* PBXContainerItemProxy */;
		};
/* End PBXTargetDependency section */

/* Begin PBXVariantGroup section */
		18628FE823FA4E6A001F1DB3 /* Main.storyboard */ = {
			isa = PBXVariantGroup;
			children = (
				18628FE923FA4E6A001F1DB3 /* Base */,
			);
			name = Main.storyboard;
			sourceTree = "<group>";
		};
		18628FED23FA4E6E001F1DB3 /* LaunchScreen.storyboard */ = {
			isa = PBXVariantGroup;
			children = (
				18628FEE23FA4E6E001F1DB3 /* Base */,
			);
			name = LaunchScreen.storyboard;
			sourceTree = "<group>";
		};
/* End PBXVariantGroup section */

/* Begin XCBuildConfiguration section */
		1862900723FA4E6E001F1DB3 /* Debug */ = {
			isa = XCBuildConfiguration;
			buildSettings = {
				ALWAYS_SEARCH_USER_PATHS = NO;
				CLANG_ANALYZER_NONNULL = YES;
				CLANG_ANALYZER_NUMBER_OBJECT_CONVERSION = YES_AGGRESSIVE;
				CLANG_CXX_LANGUAGE_STANDARD = "gnu++14";
				CLANG_CXX_LIBRARY = "libc++";
				CLANG_ENABLE_MODULES = YES;
				CLANG_ENABLE_OBJC_ARC = YES;
				CLANG_ENABLE_OBJC_WEAK = YES;
				CLANG_WARN_BLOCK_CAPTURE_AUTORELEASING = YES;
				CLANG_WARN_BOOL_CONVERSION = YES;
				CLANG_WARN_COMMA = YES;
				CLANG_WARN_CONSTANT_CONVERSION = YES;
				CLANG_WARN_DEPRECATED_OBJC_IMPLEMENTATIONS = YES;
				CLANG_WARN_DIRECT_OBJC_ISA_USAGE = YES_ERROR;
				CLANG_WARN_DOCUMENTATION_COMMENTS = YES;
				CLANG_WARN_EMPTY_BODY = YES;
				CLANG_WARN_ENUM_CONVERSION = YES;
				CLANG_WARN_INFINITE_RECURSION = YES;
				CLANG_WARN_INT_CONVERSION = YES;
				CLANG_WARN_NON_LITERAL_NULL_CONVERSION = YES;
				CLANG_WARN_OBJC_IMPLICIT_RETAIN_SELF = YES;
				CLANG_WARN_OBJC_LITERAL_CONVERSION = YES;
				CLANG_WARN_OBJC_ROOT_CLASS = YES_ERROR;
				CLANG_WARN_RANGE_LOOP_ANALYSIS = YES;
				CLANG_WARN_STRICT_PROTOTYPES = YES;
				CLANG_WARN_SUSPICIOUS_MOVE = YES;
				CLANG_WARN_UNGUARDED_AVAILABILITY = YES_AGGRESSIVE;
				CLANG_WARN_UNREACHABLE_CODE = YES;
				CLANG_WARN__DUPLICATE_METHOD_MATCH = YES;
				COPY_PHASE_STRIP = NO;
				DEBUG_INFORMATION_FORMAT = dwarf;
				ENABLE_STRICT_OBJC_MSGSEND = YES;
				ENABLE_TESTABILITY = YES;
				GCC_C_LANGUAGE_STANDARD = gnu11;
				GCC_DYNAMIC_NO_PIC = NO;
				GCC_NO_COMMON_BLOCKS = YES;
				GCC_OPTIMIZATION_LEVEL = 0;
				GCC_PREPROCESSOR_DEFINITIONS = (
					"DEBUG=1",
					"$(inherited)",
				);
				GCC_WARN_64_TO_32_BIT_CONVERSION = YES;
				GCC_WARN_ABOUT_RETURN_TYPE = YES_ERROR;
				GCC_WARN_UNDECLARED_SELECTOR = YES;
				GCC_WARN_UNINITIALIZED_AUTOS = YES_AGGRESSIVE;
				GCC_WARN_UNUSED_FUNCTION = YES;
				GCC_WARN_UNUSED_VARIABLE = YES;
				IPHONEOS_DEPLOYMENT_TARGET = 13.2;
				MTL_ENABLE_DEBUG_INFO = INCLUDE_SOURCE;
				MTL_FAST_MATH = YES;
				ONLY_ACTIVE_ARCH = YES;
				SDKROOT = iphoneos;
				SWIFT_ACTIVE_COMPILATION_CONDITIONS = DEBUG;
				SWIFT_OPTIMIZATION_LEVEL = "-Onone";
			};
			name = Debug;
		};
		1862900823FA4E6E001F1DB3 /* Release */ = {
			isa = XCBuildConfiguration;
			buildSettings = {
				ALWAYS_SEARCH_USER_PATHS = NO;
				CLANG_ANALYZER_NONNULL = YES;
				CLANG_ANALYZER_NUMBER_OBJECT_CONVERSION = YES_AGGRESSIVE;
				CLANG_CXX_LANGUAGE_STANDARD = "gnu++14";
				CLANG_CXX_LIBRARY = "libc++";
				CLANG_ENABLE_MODULES = YES;
				CLANG_ENABLE_OBJC_ARC = YES;
				CLANG_ENABLE_OBJC_WEAK = YES;
				CLANG_WARN_BLOCK_CAPTURE_AUTORELEASING = YES;
				CLANG_WARN_BOOL_CONVERSION = YES;
				CLANG_WARN_COMMA = YES;
				CLANG_WARN_CONSTANT_CONVERSION = YES;
				CLANG_WARN_DEPRECATED_OBJC_IMPLEMENTATIONS = YES;
				CLANG_WARN_DIRECT_OBJC_ISA_USAGE = YES_ERROR;
				CLANG_WARN_DOCUMENTATION_COMMENTS = YES;
				CLANG_WARN_EMPTY_BODY = YES;
				CLANG_WARN_ENUM_CONVERSION = YES;
				CLANG_WARN_INFINITE_RECURSION = YES;
				CLANG_WARN_INT_CONVERSION = YES;
				CLANG_WARN_NON_LITERAL_NULL_CONVERSION = YES;
				CLANG_WARN_OBJC_IMPLICIT_RETAIN_SELF = YES;
				CLANG_WARN_OBJC_LITERAL_CONVERSION = YES;
				CLANG_WARN_OBJC_ROOT_CLASS = YES_ERROR;
				CLANG_WARN_RANGE_LOOP_ANALYSIS = YES;
				CLANG_WARN_STRICT_PROTOTYPES = YES;
				CLANG_WARN_SUSPICIOUS_MOVE = YES;
				CLANG_WARN_UNGUARDED_AVAILABILITY = YES_AGGRESSIVE;
				CLANG_WARN_UNREACHABLE_CODE = YES;
				CLANG_WARN__DUPLICATE_METHOD_MATCH = YES;
				COPY_PHASE_STRIP = NO;
				DEBUG_INFORMATION_FORMAT = "dwarf-with-dsym";
				ENABLE_NS_ASSERTIONS = NO;
				ENABLE_STRICT_OBJC_MSGSEND = YES;
				GCC_C_LANGUAGE_STANDARD = gnu11;
				GCC_NO_COMMON_BLOCKS = YES;
				GCC_WARN_64_TO_32_BIT_CONVERSION = YES;
				GCC_WARN_ABOUT_RETURN_TYPE = YES_ERROR;
				GCC_WARN_UNDECLARED_SELECTOR = YES;
				GCC_WARN_UNINITIALIZED_AUTOS = YES_AGGRESSIVE;
				GCC_WARN_UNUSED_FUNCTION = YES;
				GCC_WARN_UNUSED_VARIABLE = YES;
				IPHONEOS_DEPLOYMENT_TARGET = 13.2;
				MTL_ENABLE_DEBUG_INFO = NO;
				MTL_FAST_MATH = YES;
				SDKROOT = iphoneos;
				SWIFT_COMPILATION_MODE = wholemodule;
				SWIFT_OPTIMIZATION_LEVEL = "-O";
				VALIDATE_PRODUCT = YES;
			};
			name = Release;
		};
		1862900A23FA4E6E001F1DB3 /* Debug */ = {
			isa = XCBuildConfiguration;
			buildSettings = {
				ASSETCATALOG_COMPILER_APPICON_NAME = AppIcon;
				CODE_SIGN_STYLE = Automatic;
				INFOPLIST_FILE = finalView/Info.plist;
				LD_RUNPATH_SEARCH_PATHS = (
					"$(inherited)",
					"@executable_path/Frameworks",
				);
				PRODUCT_BUNDLE_IDENTIFIER = Abdullah.finalView;
				PRODUCT_NAME = "$(TARGET_NAME)";
				SWIFT_VERSION = 5.0;
				TARGETED_DEVICE_FAMILY = "1,2";
			};
			name = Debug;
		};
		1862900B23FA4E6E001F1DB3 /* Release */ = {
			isa = XCBuildConfiguration;
			buildSettings = {
				ASSETCATALOG_COMPILER_APPICON_NAME = AppIcon;
				CODE_SIGN_STYLE = Automatic;
				INFOPLIST_FILE = finalView/Info.plist;
				LD_RUNPATH_SEARCH_PATHS = (
					"$(inherited)",
					"@executable_path/Frameworks",
				);
				PRODUCT_BUNDLE_IDENTIFIER = Abdullah.finalView;
				PRODUCT_NAME = "$(TARGET_NAME)";
				SWIFT_VERSION = 5.0;
				TARGETED_DEVICE_FAMILY = "1,2";
			};
			name = Release;
		};
		1862900D23FA4E6E001F1DB3 /* Debug */ = {
			isa = XCBuildConfiguration;
			buildSettings = {
				ALWAYS_EMBED_SWIFT_STANDARD_LIBRARIES = YES;
				BUNDLE_LOADER = "$(TEST_HOST)";
				CODE_SIGN_STYLE = Automatic;
				INFOPLIST_FILE = finalViewTests/Info.plist;
				IPHONEOS_DEPLOYMENT_TARGET = 13.2;
				LD_RUNPATH_SEARCH_PATHS = (
					"$(inherited)",
					"@executable_path/Frameworks",
					"@loader_path/Frameworks",
				);
				PRODUCT_BUNDLE_IDENTIFIER = Abdullah.finalViewTests;
				PRODUCT_NAME = "$(TARGET_NAME)";
				SWIFT_VERSION = 5.0;
				TARGETED_DEVICE_FAMILY = "1,2";
				TEST_HOST = "$(BUILT_PRODUCTS_DIR)/finalView.app/finalView";
			};
			name = Debug;
		};
		1862900E23FA4E6E001F1DB3 /* Release */ = {
			isa = XCBuildConfiguration;
			buildSettings = {
				ALWAYS_EMBED_SWIFT_STANDARD_LIBRARIES = YES;
				BUNDLE_LOADER = "$(TEST_HOST)";
				CODE_SIGN_STYLE = Automatic;
				INFOPLIST_FILE = finalViewTests/Info.plist;
				IPHONEOS_DEPLOYMENT_TARGET = 13.2;
				LD_RUNPATH_SEARCH_PATHS = (
					"$(inherited)",
					"@executable_path/Frameworks",
					"@loader_path/Frameworks",
				);
				PRODUCT_BUNDLE_IDENTIFIER = Abdullah.finalViewTests;
				PRODUCT_NAME = "$(TARGET_NAME)";
				SWIFT_VERSION = 5.0;
				TARGETED_DEVICE_FAMILY = "1,2";
				TEST_HOST = "$(BUILT_PRODUCTS_DIR)/finalView.app/finalView";
			};
			name = Release;
		};
		1862901023FA4E6E001F1DB3 /* Debug */ = {
			isa = XCBuildConfiguration;
			buildSettings = {
				ALWAYS_EMBED_SWIFT_STANDARD_LIBRARIES = YES;
				CODE_SIGN_STYLE = Automatic;
				INFOPLIST_FILE = finalViewUITests/Info.plist;
				LD_RUNPATH_SEARCH_PATHS = (
					"$(inherited)",
					"@executable_path/Frameworks",
					"@loader_path/Frameworks",
				);
				PRODUCT_BUNDLE_IDENTIFIER = Abdullah.finalViewUITests;
				PRODUCT_NAME = "$(TARGET_NAME)";
				SWIFT_VERSION = 5.0;
				TARGETED_DEVICE_FAMILY = "1,2";
				TEST_TARGET_NAME = finalView;
			};
			name = Debug;
		};
		1862901123FA4E6E001F1DB3 /* Release */ = {
			isa = XCBuildConfiguration;
			buildSettings = {
				ALWAYS_EMBED_SWIFT_STANDARD_LIBRARIES = YES;
				CODE_SIGN_STYLE = Automatic;
				INFOPLIST_FILE = finalViewUITests/Info.plist;
				LD_RUNPATH_SEARCH_PATHS = (
					"$(inherited)",
					"@executable_path/Frameworks",
					"@loader_path/Frameworks",
				);
				PRODUCT_BUNDLE_IDENTIFIER = Abdullah.finalViewUITests;
				PRODUCT_NAME = "$(TARGET_NAME)";
				SWIFT_VERSION = 5.0;
				TARGETED_DEVICE_FAMILY = "1,2";
				TEST_TARGET_NAME = finalView;
			};
			name = Release;
		};
/* End XCBuildConfiguration section */

/* Begin XCConfigurationList section */
		18628FDA23FA4E6A001F1DB3 /* Build configuration list for PBXProject "finalView" */ = {
			isa = XCConfigurationList;
			buildConfigurations = (
				1862900723FA4E6E001F1DB3 /* Debug */,
				1862900823FA4E6E001F1DB3 /* Release */,
			);
			defaultConfigurationIsVisible = 0;
			defaultConfigurationName = Release;
		};
		1862900923FA4E6E001F1DB3 /* Build configuration list for PBXNativeTarget "finalView" */ = {
			isa = XCConfigurationList;
			buildConfigurations = (
				1862900A23FA4E6E001F1DB3 /* Debug */,
				1862900B23FA4E6E001F1DB3 /* Release */,
			);
			defaultConfigurationIsVisible = 0;
			defaultConfigurationName = Release;
		};
		1862900C23FA4E6E001F1DB3 /* Build configuration list for PBXNativeTarget "finalViewTests" */ = {
			isa = XCConfigurationList;
			buildConfigurations = (
				1862900D23FA4E6E001F1DB3 /* Debug */,
				1862900E23FA4E6E001F1DB3 /* Release */,
			);
			defaultConfigurationIsVisible = 0;
			defaultConfigurationName = Release;
		};
		1862900F23FA4E6E001F1DB3 /* Build configuration list for PBXNativeTarget "finalViewUITests" */ = {
			isa = XCConfigurationList;
			buildConfigurations = (
				1862901023FA4E6E001F1DB3 /* Debug */,
				1862901123FA4E6E001F1DB3 /* Release */,
			);
			defaultConfigurationIsVisible = 0;
			defaultConfigurationName = Release;
		};
/* End XCConfigurationList section */
	};
	rootObject = 18628FD723FA4E6A001F1DB3 /* Project object */;
}
